
Microsoft Visual Studio Solution File, Format Version 12.00
# Visual Studio Version 17
VisualStudioVersion = 17.4.33205.214
MinimumVisualStudioVersion = 10.0.40219.1
Project("{FAE04EC0-301F-11D3-BF4B-00C04F79EFBC}") = "AmazingGameCLient", "AmazingGameCLient\AmazingGameCLient.csproj", "{152742EA-D953-4799-99B3-F2879E9AD0AB}"
EndProject
Project("{FAE04EC0-301F-11D3-BF4B-00C04F79EFBC}") = "AmazingGameServer", "AmazingGameServer\AmazingGameServer.csproj", "{E022E70C-1A06-4B81-8FD7-DA0C79F78774}"
EndProject
Global
	GlobalSection(SolutionConfigurationPlatforms) = preSolution
		Debug|Any CPU = Debug|Any CPU
		Release|Any CPU = Release|Any CPU
	EndGlobalSection
	GlobalSection(ProjectConfigurationPlatforms) = postSolution
		{152742EA-D953-4799-99B3-F2879E9AD0AB}.Debug|Any CPU.ActiveCfg = Debug|Any CPU
		{152742EA-D953-4799-99B3-F2879E9AD0AB}.Debug|Any CPU.Build.0 = Debug|Any CPU
		{152742EA-D953-4799-99B3-F2879E9AD0AB}.Release|Any CPU.ActiveCfg = Release|Any CPU
		{152742EA-D953-4799-99B3-F2879E9AD0AB}.Release|Any CPU.Build.0 = Release|Any CPU
		{E022E70C-1A06-4B81-8FD7-DA0C79F78774}.Debug|Any CPU.ActiveCfg = Debug|Any CPU
		{E022E70C-1A06-4B81-8FD7-DA0C79F78774}.Debug|Any CPU.Build.0 = Debug|Any CPU
		{E022E70C-1A06-4B81-8FD7-DA0C79F78774}.Release|Any CPU.ActiveCfg = Release|Any CPU
		{E022E70C-1A06-4B81-8FD7-DA0C79F78774}.Release|Any CPU.Build.0 = Release|Any CPU
	EndGlobalSection
	GlobalSection(SolutionProperties) = preSolution
		HideSolutionNode = FALSE
	EndGlobalSection
	GlobalSection(ExtensibilityGlobals) = postSolution
		SolutionGuid = {36B9C34E-BEA4-4A0B-9A30-9A96E609C56E}
	EndGlobalSection
EndGlobal
